
Microsoft Visual Studio Solution File, Format Version 12.00
# Visual Studio Version 16
VisualStudioVersion = 16.0.31515.178
MinimumVisualStudioVersion = 10.0.40219.1
Project("{8BC9CEB8-8B4A-11D0-8D11-00A0C91BC942}") = "ConsoleApplication1", "ConsoleApplication1\ConsoleApplication1.vcxproj", "{A8574D3E-5E98-4C9D-B6C5-6DC15F9A367E}"
EndProject
Global
	GlobalSection(SolutionConfigurationPlatforms) = preSolution
		Debug|x64 = Debug|x64
		Debug|x86 = Debug|x86
		Release|x64 = Release|x64
		Release|x86 = Release|x86
	EndGlobalSection
	GlobalSection(ProjectConfigurationPlatforms) = postSolution
		{A8574D3E-5E98-4C9D-B6C5-6DC15F9A367E}.Debug|x64.ActiveCfg = Debug|x64
		{A8574D3E-5E98-4C9D-B6C5-6DC15F9A367E}.Debug|x64.Build.0 = Debug|x64
		{A8574D3E-5E98-4C9D-B6C5-6DC15F9A367E}.Debug|x86.ActiveCfg = Debug|Win32
		{A8574D3E-5E98-4C9D-B6C5-6DC15F9A367E}.Debug|x86.Build.0 = Debug|Win32
		{A8574D3E-5E98-4C9D-B6C5-6DC15F9A367E}.Release|x64.ActiveCfg = Release|x64
		{A8574D3E-5E98-4C9D-B6C5-6DC15F9A367E}.Release|x64.Build.0 = Release|x64
		{A8574D3E-5E98-4C9D-B6C5-6DC15F9A367E}.Release|x86.ActiveCfg = Release|Win32
		{A8574D3E-5E98-4C9D-B6C5-6DC15F9A367E}.Release|x86.Build.0 = Release|Win32
	EndGlobalSection
	GlobalSection(SolutionProperties) = preSolution
		HideSolutionNode = FALSE
	EndGlobalSection
	GlobalSection(ExtensibilityGlobals) = postSolution
		SolutionGuid = {94A69B03-48F8-4A2A-A881-77B0480D89E4}
	EndGlobalSection
EndGlobal
