
Microsoft Visual Studio Solution File, Format Version 11.00
# Visual Studio 2010
# SharpDevelop 5.1
Project("{FAE04EC0-301F-11D3-BF4B-00C04F79EFBC}") = "OOP_5", "OOP_5\OOP_5.csproj", "{0ED212A4-DD12-4AEC-8644-A5FFCAD9A7B1}"
EndProject
Global
	GlobalSection(SolutionConfigurationPlatforms) = preSolution
		Debug|Any CPU = Debug|Any CPU
		Release|Any CPU = Release|Any CPU
	EndGlobalSection
	GlobalSection(ProjectConfigurationPlatforms) = postSolution
		{0ED212A4-DD12-4AEC-8644-A5FFCAD9A7B1}.Debug|Any CPU.ActiveCfg = Debug|Any CPU
		{0ED212A4-DD12-4AEC-8644-A5FFCAD9A7B1}.Debug|Any CPU.Build.0 = Debug|Any CPU
		{0ED212A4-DD12-4AEC-8644-A5FFCAD9A7B1}.Release|Any CPU.ActiveCfg = Release|Any CPU
		{0ED212A4-DD12-4AEC-8644-A5FFCAD9A7B1}.Release|Any CPU.Build.0 = Release|Any CPU
	EndGlobalSection
EndGlobal
