
Microsoft Visual Studio Solution File, Format Version 11.00
# Visual Studio 2010
# SharpDevelop 5.1
Project("{FAE04EC0-301F-11D3-BF4B-00C04F79EFBC}") = "OOP_4", "OOP_4\OOP_4.csproj", "{20BC643A-D05C-4EAC-A8E3-D7F933E15AD7}"
EndProject
Global
	GlobalSection(SolutionConfigurationPlatforms) = preSolution
		Debug|Any CPU = Debug|Any CPU
		Release|Any CPU = Release|Any CPU
	EndGlobalSection
	GlobalSection(ProjectConfigurationPlatforms) = postSolution
		{20BC643A-D05C-4EAC-A8E3-D7F933E15AD7}.Debug|Any CPU.ActiveCfg = Debug|Any CPU
		{20BC643A-D05C-4EAC-A8E3-D7F933E15AD7}.Debug|Any CPU.Build.0 = Debug|Any CPU
		{20BC643A-D05C-4EAC-A8E3-D7F933E15AD7}.Release|Any CPU.ActiveCfg = Release|Any CPU
		{20BC643A-D05C-4EAC-A8E3-D7F933E15AD7}.Release|Any CPU.Build.0 = Release|Any CPU
	EndGlobalSection
EndGlobal
